
Microsoft Visual Studio Solution File, Format Version 12.00
# Visual Studio Version 16
VisualStudioVersion = 16.0.30523.141
MinimumVisualStudioVersion = 10.0.40219.1
Project("{FAE04EC0-301F-11D3-BF4B-00C04F79EFBC}") = "WMC.Android", "WMC\WMC.Android\WMC.Android.csproj", "{891AAAA2-C07A-4C44-AD23-2B79A98D0F23}"
EndProject
Project("{FAE04EC0-301F-11D3-BF4B-00C04F79EFBC}") = "WMC.iOS", "WMC\WMC.iOS\WMC.iOS.csproj", "{2BCFAFA3-CBCA-4A3E-BD51-1D88EDA0DC17}"
EndProject
Project("{FAE04EC0-301F-11D3-BF4B-00C04F79EFBC}") = "WMC", "WMC\WMC\WMC.csproj", "{B4AC08CD-CF3C-4796-9829-31EDDD5EF6BE}"
EndProject
Global
	GlobalSection(SolutionConfigurationPlatforms) = preSolution
		Debug|Any CPU = Debug|Any CPU
		Debug|iPhone = Debug|iPhone
		Debug|iPhoneSimulator = Debug|iPhoneSimulator
		Release|Any CPU = Release|Any CPU
		Release|iPhone = Release|iPhone
		Release|iPhoneSimulator = Release|iPhoneSimulator
	EndGlobalSection
	GlobalSection(ProjectConfigurationPlatforms) = postSolution
		{891AAAA2-C07A-4C44-AD23-2B79A98D0F23}.Debug|Any CPU.ActiveCfg = Debug|Any CPU
		{891AAAA2-C07A-4C44-AD23-2B79A98D0F23}.Debug|Any CPU.Build.0 = Debug|Any CPU
		{891AAAA2-C07A-4C44-AD23-2B79A98D0F23}.Debug|Any CPU.Deploy.0 = Debug|Any CPU
		{891AAAA2-C07A-4C44-AD23-2B79A98D0F23}.Debug|iPhone.ActiveCfg = Debug|Any CPU
		{891AAAA2-C07A-4C44-AD23-2B79A98D0F23}.Debug|iPhone.Build.0 = Debug|Any CPU
		{891AAAA2-C07A-4C44-AD23-2B79A98D0F23}.Debug|iPhone.Deploy.0 = Debug|Any CPU
		{891AAAA2-C07A-4C44-AD23-2B79A98D0F23}.Debug|iPhoneSimulator.ActiveCfg = Debug|Any CPU
		{891AAAA2-C07A-4C44-AD23-2B79A98D0F23}.Debug|iPhoneSimulator.Build.0 = Debug|Any CPU
		{891AAAA2-C07A-4C44-AD23-2B79A98D0F23}.Debug|iPhoneSimulator.Deploy.0 = Debug|Any CPU
		{891AAAA2-C07A-4C44-AD23-2B79A98D0F23}.Release|Any CPU.ActiveCfg = Release|Any CPU
		{891AAAA2-C07A-4C44-AD23-2B79A98D0F23}.Release|Any CPU.Build.0 = Release|Any CPU
		{891AAAA2-C07A-4C44-AD23-2B79A98D0F23}.Release|Any CPU.Deploy.0 = Release|Any CPU
		{891AAAA2-C07A-4C44-AD23-2B79A98D0F23}.Release|iPhone.ActiveCfg = Release|Any CPU
		{891AAAA2-C07A-4C44-AD23-2B79A98D0F23}.Release|iPhone.Build.0 = Release|Any CPU
		{891AAAA2-C07A-4C44-AD23-2B79A98D0F23}.Release|iPhone.Deploy.0 = Release|Any CPU
		{891AAAA2-C07A-4C44-AD23-2B79A98D0F23}.Release|iPhoneSimulator.ActiveCfg = Release|Any CPU
		{891AAAA2-C07A-4C44-AD23-2B79A98D0F23}.Release|iPhoneSimulator.Build.0 = Release|Any CPU
		{891AAAA2-C07A-4C44-AD23-2B79A98D0F23}.Release|iPhoneSimulator.Deploy.0 = Release|Any CPU
		{2BCFAFA3-CBCA-4A3E-BD51-1D88EDA0DC17}.Debug|Any CPU.ActiveCfg = Debug|iPhone
		{2BCFAFA3-CBCA-4A3E-BD51-1D88EDA0DC17}.Debug|Any CPU.Build.0 = Debug|iPhone
		{2BCFAFA3-CBCA-4A3E-BD51-1D88EDA0DC17}.Debug|Any CPU.Deploy.0 = Debug|iPhone
		{2BCFAFA3-CBCA-4A3E-BD51-1D88EDA0DC17}.Debug|iPhone.ActiveCfg = Debug|iPhone
		{2BCFAFA3-CBCA-4A3E-BD51-1D88EDA0DC17}.Debug|iPhone.Build.0 = Debug|iPhone
		{2BCFAFA3-CBCA-4A3E-BD51-1D88EDA0DC17}.Debug|iPhone.Deploy.0 = Debug|iPhone
		{2BCFAFA3-CBCA-4A3E-BD51-1D88EDA0DC17}.Debug|iPhoneSimulator.ActiveCfg = Debug|iPhoneSimulator
		{2BCFAFA3-CBCA-4A3E-BD51-1D88EDA0DC17}.Debug|iPhoneSimulator.Build.0 = Debug|iPhoneSimulator
		{2BCFAFA3-CBCA-4A3E-BD51-1D88EDA0DC17}.Debug|iPhoneSimulator.Deploy.0 = Debug|iPhoneSimulator
		{2BCFAFA3-CBCA-4A3E-BD51-1D88EDA0DC17}.Release|Any CPU.ActiveCfg = Release|iPhoneSimulator
		{2BCFAFA3-CBCA-4A3E-BD51-1D88EDA0DC17}.Release|Any CPU.Build.0 = Release|iPhoneSimulator
		{2BCFAFA3-CBCA-4A3E-BD51-1D88EDA0DC17}.Release|Any CPU.Deploy.0 = Release|iPhoneSimulator
		{2BCFAFA3-CBCA-4A3E-BD51-1D88EDA0DC17}.Release|iPhone.ActiveCfg = Release|iPhone
		{2BCFAFA3-CBCA-4A3E-BD51-1D88EDA0DC17}.Release|iPhone.Build.0 = Release|iPhone
		{2BCFAFA3-CBCA-4A3E-BD51-1D88EDA0DC17}.Release|iPhone.Deploy.0 = Release|iPhone
		{2BCFAFA3-CBCA-4A3E-BD51-1D88EDA0DC17}.Release|iPhoneSimulator.ActiveCfg = Release|iPhoneSimulator
		{2BCFAFA3-CBCA-4A3E-BD51-1D88EDA0DC17}.Release|iPhoneSimulator.Build.0 = Release|iPhoneSimulator
		{2BCFAFA3-CBCA-4A3E-BD51-1D88EDA0DC17}.Release|iPhoneSimulator.Deploy.0 = Release|iPhoneSimulator
		{B4AC08CD-CF3C-4796-9829-31EDDD5EF6BE}.Debug|Any CPU.ActiveCfg = Debug|Any CPU
		{B4AC08CD-CF3C-4796-9829-31EDDD5EF6BE}.Debug|Any CPU.Build.0 = Debug|Any CPU
		{B4AC08CD-CF3C-4796-9829-31EDDD5EF6BE}.Debug|Any CPU.Deploy.0 = Debug|Any CPU
		{B4AC08CD-CF3C-4796-9829-31EDDD5EF6BE}.Debug|iPhone.ActiveCfg = Debug|Any CPU
		{B4AC08CD-CF3C-4796-9829-31EDDD5EF6BE}.Debug|iPhone.Build.0 = Debug|Any CPU
		{B4AC08CD-CF3C-4796-9829-31EDDD5EF6BE}.Debug|iPhone.Deploy.0 = Debug|Any CPU
		{B4AC08CD-CF3C-4796-9829-31EDDD5EF6BE}.Debug|iPhoneSimulator.ActiveCfg = Debug|Any CPU
		{B4AC08CD-CF3C-4796-9829-31EDDD5EF6BE}.Debug|iPhoneSimulator.Build.0 = Debug|Any CPU
		{B4AC08CD-CF3C-4796-9829-31EDDD5EF6BE}.Debug|iPhoneSimulator.Deploy.0 = Debug|Any CPU
		{B4AC08CD-CF3C-4796-9829-31EDDD5EF6BE}.Release|Any CPU.ActiveCfg = Release|Any CPU
		{B4AC08CD-CF3C-4796-9829-31EDDD5EF6BE}.Release|Any CPU.Build.0 = Release|Any CPU
		{B4AC08CD-CF3C-4796-9829-31EDDD5EF6BE}.Release|Any CPU.Deploy.0 = Release|Any CPU
		{B4AC08CD-CF3C-4796-9829-31EDDD5EF6BE}.Release|iPhone.ActiveCfg = Release|Any CPU
		{B4AC08CD-CF3C-4796-9829-31EDDD5EF6BE}.Release|iPhone.Build.0 = Release|Any CPU
		{B4AC08CD-CF3C-4796-9829-31EDDD5EF6BE}.Release|iPhone.Deploy.0 = Release|Any CPU
		{B4AC08CD-CF3C-4796-9829-31EDDD5EF6BE}.Release|iPhoneSimulator.ActiveCfg = Release|Any CPU
		{B4AC08CD-CF3C-4796-9829-31EDDD5EF6BE}.Release|iPhoneSimulator.Build.0 = Release|Any CPU
		{B4AC08CD-CF3C-4796-9829-31EDDD5EF6BE}.Release|iPhoneSimulator.Deploy.0 = Release|Any CPU
	EndGlobalSection
	GlobalSection(SolutionProperties) = preSolution
		HideSolutionNode = FALSE
	EndGlobalSection
	GlobalSection(ExtensibilityGlobals) = postSolution
		SolutionGuid = {CD44EA29-6B54-4C45-8A93-5A053A046800}
	EndGlobalSection
EndGlobal
